// !$*UTF8*$!
{
	archiveVersion = 1;
	classes = {
	};
	objectVersion = 56;
	objects = {

/* Begin PBXBuildFile section */
		2F5A2EFE2AD52C6D0086DEA8 /* WorksSeries.swift in Sources */ = {isa = PBXBuildFile; fileRef = 2F5A2EFD2AD52C6D0086DEA8 /* WorksSeries.swift */; };
		2F5A2F042AD63B460086DEA8 /* DiaryView.swift in Sources */ = {isa = PBXBuildFile; fileRef = 2F5A2F032AD63B460086DEA8 /* DiaryView.swift */; };
		2F5A2F082AD6463E0086DEA8 /* MakingFilmView.swift in Sources */ = {isa = PBXBuildFile; fileRef = 2F5A2F072AD6463E0086DEA8 /* MakingFilmView.swift */; };
		2F5A2F0C2AD649660086DEA8 /* MakingFilm.MP4 in Resources */ = {isa = PBXBuildFile; fileRef = 2F5A2F092AD646910086DEA8 /* MakingFilm.MP4 */; };
		2F5A2F0E2AD65E470086DEA8 /* InteractiveView.swift in Sources */ = {isa = PBXBuildFile; fileRef = 2F5A2F0D2AD65E470086DEA8 /* InteractiveView.swift */; };
		2F5A2F102AD67A440086DEA8 /* StoryListView.swift in Sources */ = {isa = PBXBuildFile; fileRef = 2F5A2F0F2AD67A440086DEA8 /* StoryListView.swift */; };
		2F5A2F122AD6C3EA0086DEA8 /* IdImage.swift in Sources */ = {isa = PBXBuildFile; fileRef = 2F5A2F112AD6C3EA0086DEA8 /* IdImage.swift */; };
		2FB435022AC3E1B000EBF3DA /* Work.swift in Sources */ = {isa = PBXBuildFile; fileRef = 2FB435012AC3E1B000EBF3DA /* Work.swift */; };
		2FB4350A2AC3E41400EBF3DA /* Color + Extension.swift in Sources */ = {isa = PBXBuildFile; fileRef = 2FB435092AC3E41400EBF3DA /* Color + Extension.swift */; };
		2FCC0A382ACFCBA300206832 /* UIScreen + Extension.swift in Sources */ = {isa = PBXBuildFile; fileRef = 2FCC0A372ACFCBA300206832 /* UIScreen + Extension.swift */; };
		2FCC0A3A2ACFE91A00206832 /* DarkGrayRoundButton.swift in Sources */ = {isa = PBXBuildFile; fileRef = 2FCC0A392ACFE91A00206832 /* DarkGrayRoundButton.swift */; };
		2FD141C82ACE49D90024CD72 /* RouterProtocol.swift in Sources */ = {isa = PBXBuildFile; fileRef = 2FD141C72ACE49D90024CD72 /* RouterProtocol.swift */; };
		2FD141CA2ACE49EA0024CD72 /* RouterScreenProtocol.swift in Sources */ = {isa = PBXBuildFile; fileRef = 2FD141C92ACE49EA0024CD72 /* RouterScreenProtocol.swift */; };
		2FD141CD2ACE4A200024CD72 /* RouterAlertModifier.swift in Sources */ = {isa = PBXBuildFile; fileRef = 2FD141CC2ACE4A200024CD72 /* RouterAlertModifier.swift */; };
		2FD141CF2ACE4A310024CD72 /* RouterCloseModifier.swift in Sources */ = {isa = PBXBuildFile; fileRef = 2FD141CE2ACE4A310024CD72 /* RouterCloseModifier.swift */; };
		2FD141D12ACE4A400024CD72 /* RouterNavigationStackModifier.swift in Sources */ = {isa = PBXBuildFile; fileRef = 2FD141D02ACE4A400024CD72 /* RouterNavigationStackModifier.swift */; };
		2FD141D32ACE4A5A0024CD72 /* RouterNavigationViewModifier.swift in Sources */ = {isa = PBXBuildFile; fileRef = 2FD141D22ACE4A5A0024CD72 /* RouterNavigationViewModifier.swift */; };
		2FD141D52ACE4A720024CD72 /* RouterSheetScreenProtocol.swift in Sources */ = {isa = PBXBuildFile; fileRef = 2FD141D42ACE4A720024CD72 /* RouterSheetScreenProtocol.swift */; };
		2FD141E02ACE5CED0024CD72 /* WorkDetailViewModel.swift in Sources */ = {isa = PBXBuildFile; fileRef = 2FD141DF2ACE5CED0024CD72 /* WorkDetailViewModel.swift */; };
		2FD141E22ACE5CFB0024CD72 /* WorkDetail.swift in Sources */ = {isa = PBXBuildFile; fileRef = 2FD141E12ACE5CFB0024CD72 /* WorkDetail.swift */; };
		2FD141E52ACE896F0024CD72 /* ViewModelable.swift in Sources */ = {isa = PBXBuildFile; fileRef = 2FD141E42ACE896F0024CD72 /* ViewModelable.swift */; };
		2FD141EB2ACECB110024CD72 /* WorkDetail+Build.swift in Sources */ = {isa = PBXBuildFile; fileRef = 2FD141EA2ACECB110024CD72 /* WorkDetail+Build.swift */; };
		2FD141ED2ACEE2670024CD72 /* Home+Build.swift in Sources */ = {isa = PBXBuildFile; fileRef = 2FD141EC2ACEE2670024CD72 /* Home+Build.swift */; };
		2FD141F02ACEE2DC0024CD72 /* HomeExternal.swift in Sources */ = {isa = PBXBuildFile; fileRef = 2FD141EF2ACEE2DC0024CD72 /* HomeExternal.swift */; };
		2FD8F1DC2ADFB9F300E3D0EF /* ContactView.swift in Sources */ = {isa = PBXBuildFile; fileRef = 2FD8F1DB2ADFB9F300E3D0EF /* ContactView.swift */; };
		2FD8F1DF2ADFC84B00E3D0EF /* MailView.swift in Sources */ = {isa = PBXBuildFile; fileRef = 2FD8F1DE2ADFC84B00E3D0EF /* MailView.swift */; };
		2FD8F1E12ADFD3E200E3D0EF /* ComposeMailData.swift in Sources */ = {isa = PBXBuildFile; fileRef = 2FD8F1E02ADFD3E200E3D0EF /* ComposeMailData.swift */; };
		2FD8F1E32AE21BBA00E3D0EF /* Navigation + Extension.swift in Sources */ = {isa = PBXBuildFile; fileRef = 2FD8F1E22AE21BBA00E3D0EF /* Navigation + Extension.swift */; };
		2FDD41E72AC3C77D00600AF7 /* RubyPortfolioApp.swift in Sources */ = {isa = PBXBuildFile; fileRef = 2FDD41E62AC3C77D00600AF7 /* RubyPortfolioApp.swift */; };
		2FDD41E92AC3C77D00600AF7 /* ContentView.swift in Sources */ = {isa = PBXBuildFile; fileRef = 2FDD41E82AC3C77D00600AF7 /* ContentView.swift */; };
		2FDD41EB2AC3C77E00600AF7 /* Assets.xcassets in Resources */ = {isa = PBXBuildFile; fileRef = 2FDD41EA2AC3C77E00600AF7 /* Assets.xcassets */; };
		2FDD41EE2AC3C77E00600AF7 /* Preview Assets.xcassets in Resources */ = {isa = PBXBuildFile; fileRef = 2FDD41ED2AC3C77E00600AF7 /* Preview Assets.xcassets */; };
		2FDD41F72AC3C85300600AF7 /* Home.swift in Sources */ = {isa = PBXBuildFile; fileRef = 2FDD41F62AC3C85300600AF7 /* Home.swift */; };
		2FDD41F92AC3C89100600AF7 /* SnapCarousel.swift in Sources */ = {isa = PBXBuildFile; fileRef = 2FDD41F82AC3C89100600AF7 /* SnapCarousel.swift */; };
		2FDD41FB2AC3C99000600AF7 /* HomeViewModel.swift in Sources */ = {isa = PBXBuildFile; fileRef = 2FDD41FA2AC3C99000600AF7 /* HomeViewModel.swift */; };
		2FEE2AD42AD0EC4C0050B9FD /* ArtistExplainViewModel.swift in Sources */ = {isa = PBXBuildFile; fileRef = 2FEE2AD32AD0EC4C0050B9FD /* ArtistExplainViewModel.swift */; };
		2FEE2AD62AD0EC590050B9FD /* ArtistExplain.swift in Sources */ = {isa = PBXBuildFile; fileRef = 2FEE2AD52AD0EC590050B9FD /* ArtistExplain.swift */; };
		2FEE2AD82AD117930050B9FD /* CircularList.swift in Sources */ = {isa = PBXBuildFile; fileRef = 2FEE2AD72AD117930050B9FD /* CircularList.swift */; };
		2FEE2ADD2AD12F9A0050B9FD /* DetailArtistInfoView.swift in Sources */ = {isa = PBXBuildFile; fileRef = 2FEE2ADC2AD12F9A0050B9FD /* DetailArtistInfoView.swift */; };
		2FF658562AD965AE00880592 /* Image + Extension.swift in Sources */ = {isa = PBXBuildFile; fileRef = 2FF658552AD965AE00880592 /* Image + Extension.swift */; };
/* End PBXBuildFile section */

/* Begin PBXFileReference section */
		2F5A2EFD2AD52C6D0086DEA8 /* WorksSeries.swift */ = {isa = PBXFileReference; lastKnownFileType = sourcecode.swift; path = WorksSeries.swift; sourceTree = "<group>"; };
		2F5A2F032AD63B460086DEA8 /* DiaryView.swift */ = {isa = PBXFileReference; lastKnownFileType = sourcecode.swift; path = DiaryView.swift; sourceTree = "<group>"; };
		2F5A2F072AD6463E0086DEA8 /* MakingFilmView.swift */ = {isa = PBXFileReference; lastKnownFileType = sourcecode.swift; path = MakingFilmView.swift; sourceTree = "<group>"; };
		2F5A2F092AD646910086DEA8 /* MakingFilm.MP4 */ = {isa = PBXFileReference; lastKnownFileType = file; path = MakingFilm.MP4; sourceTree = "<group>"; };
		2F5A2F0D2AD65E470086DEA8 /* InteractiveView.swift */ = {isa = PBXFileReference; lastKnownFileType = sourcecode.swift; path = InteractiveView.swift; sourceTree = "<group>"; };
		2F5A2F0F2AD67A440086DEA8 /* StoryListView.swift */ = {isa = PBXFileReference; lastKnownFileType = sourcecode.swift; path = StoryListView.swift; sourceTree = "<group>"; };
		2F5A2F112AD6C3EA0086DEA8 /* IdImage.swift */ = {isa = PBXFileReference; lastKnownFileType = sourcecode.swift; path = IdImage.swift; sourceTree = "<group>"; };
		2FB435012AC3E1B000EBF3DA /* Work.swift */ = {isa = PBXFileReference; lastKnownFileType = sourcecode.swift; path = Work.swift; sourceTree = "<group>"; };
		2FB435092AC3E41400EBF3DA /* Color + Extension.swift */ = {isa = PBXFileReference; lastKnownFileType = sourcecode.swift; path = "Color + Extension.swift"; sourceTree = "<group>"; };
		2FCC0A372ACFCBA300206832 /* UIScreen + Extension.swift */ = {isa = PBXFileReference; lastKnownFileType = sourcecode.swift; path = "UIScreen + Extension.swift"; sourceTree = "<group>"; };
		2FCC0A392ACFE91A00206832 /* DarkGrayRoundButton.swift */ = {isa = PBXFileReference; lastKnownFileType = sourcecode.swift; path = DarkGrayRoundButton.swift; sourceTree = "<group>"; };
		2FD141C72ACE49D90024CD72 /* RouterProtocol.swift */ = {isa = PBXFileReference; lastKnownFileType = sourcecode.swift; path = RouterProtocol.swift; sourceTree = "<group>"; };
		2FD141C92ACE49EA0024CD72 /* RouterScreenProtocol.swift */ = {isa = PBXFileReference; lastKnownFileType = sourcecode.swift; path = RouterScreenProtocol.swift; sourceTree = "<group>"; };
		2FD141CC2ACE4A200024CD72 /* RouterAlertModifier.swift */ = {isa = PBXFileReference; lastKnownFileType = sourcecode.swift; path = RouterAlertModifier.swift; sourceTree = "<group>"; };
		2FD141CE2ACE4A310024CD72 /* RouterCloseModifier.swift */ = {isa = PBXFileReference; lastKnownFileType = sourcecode.swift; path = RouterCloseModifier.swift; sourceTree = "<group>"; };
		2FD141D02ACE4A400024CD72 /* RouterNavigationStackModifier.swift */ = {isa = PBXFileReference; lastKnownFileType = sourcecode.swift; path = RouterNavigationStackModifier.swift; sourceTree = "<group>"; };
		2FD141D22ACE4A5A0024CD72 /* RouterNavigationViewModifier.swift */ = {isa = PBXFileReference; lastKnownFileType = sourcecode.swift; path = RouterNavigationViewModifier.swift; sourceTree = "<group>"; };
		2FD141D42ACE4A720024CD72 /* RouterSheetScreenProtocol.swift */ = {isa = PBXFileReference; lastKnownFileType = sourcecode.swift; path = RouterSheetScreenProtocol.swift; sourceTree = "<group>"; };
		2FD141DF2ACE5CED0024CD72 /* WorkDetailViewModel.swift */ = {isa = PBXFileReference; lastKnownFileType = sourcecode.swift; path = WorkDetailViewModel.swift; sourceTree = "<group>"; };
		2FD141E12ACE5CFB0024CD72 /* WorkDetail.swift */ = {isa = PBXFileReference; lastKnownFileType = sourcecode.swift; path = WorkDetail.swift; sourceTree = "<group>"; };
		2FD141E42ACE896F0024CD72 /* ViewModelable.swift */ = {isa = PBXFileReference; lastKnownFileType = sourcecode.swift; path = ViewModelable.swift; sourceTree = "<group>"; };
		2FD141EA2ACECB110024CD72 /* WorkDetail+Build.swift */ = {isa = PBXFileReference; lastKnownFileType = sourcecode.swift; path = "WorkDetail+Build.swift"; sourceTree = "<group>"; };
		2FD141EC2ACEE2670024CD72 /* Home+Build.swift */ = {isa = PBXFileReference; lastKnownFileType = sourcecode.swift; path = "Home+Build.swift"; sourceTree = "<group>"; };
		2FD141EF2ACEE2DC0024CD72 /* HomeExternal.swift */ = {isa = PBXFileReference; lastKnownFileType = sourcecode.swift; path = HomeExternal.swift; sourceTree = "<group>"; };
		2FD8F1DB2ADFB9F300E3D0EF /* ContactView.swift */ = {isa = PBXFileReference; lastKnownFileType = sourcecode.swift; path = ContactView.swift; sourceTree = "<group>"; };
		2FD8F1DE2ADFC84B00E3D0EF /* MailView.swift */ = {isa = PBXFileReference; lastKnownFileType = sourcecode.swift; path = MailView.swift; sourceTree = "<group>"; };
		2FD8F1E02ADFD3E200E3D0EF /* ComposeMailData.swift */ = {isa = PBXFileReference; lastKnownFileType = sourcecode.swift; path = ComposeMailData.swift; sourceTree = "<group>"; };
		2FD8F1E22AE21BBA00E3D0EF /* Navigation + Extension.swift */ = {isa = PBXFileReference; lastKnownFileType = sourcecode.swift; path = "Navigation + Extension.swift"; sourceTree = "<group>"; };
		2FDD41E32AC3C77D00600AF7 /* RubyPortfolio.app */ = {isa = PBXFileReference; explicitFileType = wrapper.application; includeInIndex = 0; path = RubyPortfolio.app; sourceTree = BUILT_PRODUCTS_DIR; };
		2FDD41E62AC3C77D00600AF7 /* RubyPortfolioApp.swift */ = {isa = PBXFileReference; lastKnownFileType = sourcecode.swift; path = RubyPortfolioApp.swift; sourceTree = "<group>"; };
		2FDD41E82AC3C77D00600AF7 /* ContentView.swift */ = {isa = PBXFileReference; lastKnownFileType = sourcecode.swift; path = ContentView.swift; sourceTree = "<group>"; };
		2FDD41EA2AC3C77E00600AF7 /* Assets.xcassets */ = {isa = PBXFileReference; lastKnownFileType = folder.assetcatalog; path = Assets.xcassets; sourceTree = "<group>"; };
		2FDD41ED2AC3C77E00600AF7 /* Preview Assets.xcassets */ = {isa = PBXFileReference; lastKnownFileType = folder.assetcatalog; path = "Preview Assets.xcassets"; sourceTree = "<group>"; };
		2FDD41F62AC3C85300600AF7 /* Home.swift */ = {isa = PBXFileReference; lastKnownFileType = sourcecode.swift; path = Home.swift; sourceTree = "<group>"; };
		2FDD41F82AC3C89100600AF7 /* SnapCarousel.swift */ = {isa = PBXFileReference; lastKnownFileType = sourcecode.swift; path = SnapCarousel.swift; sourceTree = "<group>"; };
		2FDD41FA2AC3C99000600AF7 /* HomeViewModel.swift */ = {isa = PBXFileReference; lastKnownFileType = sourcecode.swift; path = HomeViewModel.swift; sourceTree = "<group>"; };
		2FEE2AD32AD0EC4C0050B9FD /* ArtistExplainViewModel.swift */ = {isa = PBXFileReference; lastKnownFileType = sourcecode.swift; path = ArtistExplainViewModel.swift; sourceTree = "<group>"; };
		2FEE2AD52AD0EC590050B9FD /* ArtistExplain.swift */ = {isa = PBXFileReference; lastKnownFileType = sourcecode.swift; path = ArtistExplain.swift; sourceTree = "<group>"; };
		2FEE2AD72AD117930050B9FD /* CircularList.swift */ = {isa = PBXFileReference; lastKnownFileType = sourcecode.swift; path = CircularList.swift; sourceTree = "<group>"; };
		2FEE2ADC2AD12F9A0050B9FD /* DetailArtistInfoView.swift */ = {isa = PBXFileReference; lastKnownFileType = sourcecode.swift; path = DetailArtistInfoView.swift; sourceTree = "<group>"; };
		2FF658552AD965AE00880592 /* Image + Extension.swift */ = {isa = PBXFileReference; lastKnownFileType = sourcecode.swift; path = "Image + Extension.swift"; sourceTree = "<group>"; };
/* End PBXFileReference section */

/* Begin PBXFrameworksBuildPhase section */
		2FDD41E02AC3C77D00600AF7 /* Frameworks */ = {
			isa = PBXFrameworksBuildPhase;
			buildActionMask = 2147483647;
			files = (
			);
			runOnlyForDeploymentPostprocessing = 0;
		};
/* End PBXFrameworksBuildPhase section */

/* Begin PBXGroup section */
		2F5A2F012AD63B140086DEA8 /* Diary */ = {
			isa = PBXGroup;
			children = (
				2F5A2F022AD63B3F0086DEA8 /* View */,
			);
			path = Diary;
			sourceTree = "<group>";
		};
		2F5A2F022AD63B3F0086DEA8 /* View */ = {
			isa = PBXGroup;
			children = (
				2F5A2F032AD63B460086DEA8 /* DiaryView.swift */,
			);
			path = View;
			sourceTree = "<group>";
		};
		2F5A2F052AD6462D0086DEA8 /* MakingFilm */ = {
			isa = PBXGroup;
			children = (
				2F5A2F062AD646340086DEA8 /* View */,
			);
			path = MakingFilm;
			sourceTree = "<group>";
		};
		2F5A2F062AD646340086DEA8 /* View */ = {
			isa = PBXGroup;
			children = (
				2F5A2F072AD6463E0086DEA8 /* MakingFilmView.swift */,
			);
			path = View;
			sourceTree = "<group>";
		};
		2F5A2F0A2AD646AC0086DEA8 /* Assets */ = {
			isa = PBXGroup;
			children = (
				2FDD41EA2AC3C77E00600AF7 /* Assets.xcassets */,
			);
			path = Assets;
			sourceTree = "<group>";
		};
		2F5A2F0B2AD646CF0086DEA8 /* Video */ = {
			isa = PBXGroup;
			children = (
				2F5A2F092AD646910086DEA8 /* MakingFilm.MP4 */,
			);
			path = Video;
			sourceTree = "<group>";
		};
		2FB434FC2AC3E18500EBF3DA /* Present */ = {
			isa = PBXGroup;
			children = (
				2FCC0A3B2ACFEFB000206832 /* ArtistExplain */,
				2FD141D92ACE5BA10024CD72 /* WorkDetail */,
				2FDD41F42AC3C83A00600AF7 /* Home */,
			);
			path = Present;
			sourceTree = "<group>";
		};
		2FB434FD2AC3E18800EBF3DA /* Data */ = {
			isa = PBXGroup;
			children = (
			);
			path = Data;
			sourceTree = "<group>";
		};
		2FB434FE2AC3E18B00EBF3DA /* Domain */ = {
			isa = PBXGroup;
			children = (
				2FB435002AC3E1A100EBF3DA /* Entity */,
			);
			path = Domain;
			sourceTree = "<group>";
		};
		2FB434FF2AC3E18D00EBF3DA /* Utility */ = {
			isa = PBXGroup;
			children = (
				2FD141E32ACE89670024CD72 /* Protocol */,
				2FD141C62ACE49CB0024CD72 /* Router */,
				2FB435082AC3E3F300EBF3DA /* Extension */,
				2FB435032AC3E2E000EBF3DA /* Custom */,
			);
			path = Utility;
			sourceTree = "<group>";
		};
		2FB435002AC3E1A100EBF3DA /* Entity */ = {
			isa = PBXGroup;
			children = (
				2FB435012AC3E1B000EBF3DA /* Work.swift */,
				2F5A2EFD2AD52C6D0086DEA8 /* WorksSeries.swift */,
				2F5A2F112AD6C3EA0086DEA8 /* IdImage.swift */,
				2FD8F1E02ADFD3E200E3D0EF /* ComposeMailData.swift */,
			);
			path = Entity;
			sourceTree = "<group>";
		};
		2FB435032AC3E2E000EBF3DA /* Custom */ = {
			isa = PBXGroup;
			children = (
				2FDD41F82AC3C89100600AF7 /* SnapCarousel.swift */,
				2FCC0A392ACFE91A00206832 /* DarkGrayRoundButton.swift */,
				2FEE2AD72AD117930050B9FD /* CircularList.swift */,
				2F5A2F0D2AD65E470086DEA8 /* InteractiveView.swift */,
				2F5A2F0F2AD67A440086DEA8 /* StoryListView.swift */,
			);
			path = Custom;
			sourceTree = "<group>";
		};
		2FB435042AC3E30C00EBF3DA /* View */ = {
			isa = PBXGroup;
			children = (
				2FDD41F62AC3C85300600AF7 /* Home.swift */,
				2FD141EC2ACEE2670024CD72 /* Home+Build.swift */,
			);
			path = View;
			sourceTree = "<group>";
		};
		2FB435052AC3E30E00EBF3DA /* ViewModel */ = {
			isa = PBXGroup;
			children = (
				2FDD41FA2AC3C99000600AF7 /* HomeViewModel.swift */,
			);
			path = ViewModel;
			sourceTree = "<group>";
		};
		2FB435062AC3E32900EBF3DA /* Source */ = {
			isa = PBXGroup;
			children = (
				2FB434FC2AC3E18500EBF3DA /* Present */,
				2FB434FD2AC3E18800EBF3DA /* Data */,
				2FB434FE2AC3E18B00EBF3DA /* Domain */,
				2FB434FF2AC3E18D00EBF3DA /* Utility */,
			);
			path = Source;
			sourceTree = "<group>";
		};
		2FB435072AC3E32C00EBF3DA /* Resource */ = {
			isa = PBXGroup;
			children = (
				2F5A2F0B2AD646CF0086DEA8 /* Video */,
				2F5A2F0A2AD646AC0086DEA8 /* Assets */,
				2FDD41E82AC3C77D00600AF7 /* ContentView.swift */,
				2FDD41E62AC3C77D00600AF7 /* RubyPortfolioApp.swift */,
			);
			path = Resource;
			sourceTree = "<group>";
		};
		2FB435082AC3E3F300EBF3DA /* Extension */ = {
			isa = PBXGroup;
			children = (
				2FB435092AC3E41400EBF3DA /* Color + Extension.swift */,
				2FCC0A372ACFCBA300206832 /* UIScreen + Extension.swift */,
				2FF658552AD965AE00880592 /* Image + Extension.swift */,
				2FD8F1E22AE21BBA00E3D0EF /* Navigation + Extension.swift */,
			);
			path = Extension;
			sourceTree = "<group>";
		};
		2FCC0A3B2ACFEFB000206832 /* ArtistExplain */ = {
			isa = PBXGroup;
			children = (
				2FD8F1D92ADFB9E000E3D0EF /* Contact */,
				2F5A2F052AD6462D0086DEA8 /* MakingFilm */,
				2F5A2F012AD63B140086DEA8 /* Diary */,
				2FEE2AD92AD12F690050B9FD /* DetailArtistInfo */,
				2FCC0A3D2ACFEFBD00206832 /* ViewModel */,
				2FCC0A3C2ACFEFBB00206832 /* View */,
			);
			path = ArtistExplain;
			sourceTree = "<group>";
		};
		2FCC0A3C2ACFEFBB00206832 /* View */ = {
			isa = PBXGroup;
			children = (
				2FEE2AD52AD0EC590050B9FD /* ArtistExplain.swift */,
			);
			path = View;
			sourceTree = "<group>";
		};
		2FCC0A3D2ACFEFBD00206832 /* ViewModel */ = {
			isa = PBXGroup;
			children = (
				2FEE2AD32AD0EC4C0050B9FD /* ArtistExplainViewModel.swift */,
			);
			path = ViewModel;
			sourceTree = "<group>";
		};
		2FD141C62ACE49CB0024CD72 /* Router */ = {
			isa = PBXGroup;
			children = (
				2FD141C72ACE49D90024CD72 /* RouterProtocol.swift */,
				2FD141C92ACE49EA0024CD72 /* RouterScreenProtocol.swift */,
				2FD141CB2ACE4A150024CD72 /* Modifier */,
			);
			path = Router;
			sourceTree = "<group>";
		};
		2FD141CB2ACE4A150024CD72 /* Modifier */ = {
			isa = PBXGroup;
			children = (
				2FD141CC2ACE4A200024CD72 /* RouterAlertModifier.swift */,
				2FD141CE2ACE4A310024CD72 /* RouterCloseModifier.swift */,
				2FD141D02ACE4A400024CD72 /* RouterNavigationStackModifier.swift */,
				2FD141D22ACE4A5A0024CD72 /* RouterNavigationViewModifier.swift */,
				2FD141D42ACE4A720024CD72 /* RouterSheetScreenProtocol.swift */,
			);
			path = Modifier;
			sourceTree = "<group>";
		};
		2FD141D92ACE5BA10024CD72 /* WorkDetail */ = {
			isa = PBXGroup;
			children = (
				2FD141DA2ACE5BA80024CD72 /* ViewModel */,
				2FD141DB2ACE5BAB0024CD72 /* View */,
			);
			path = WorkDetail;
			sourceTree = "<group>";
		};
		2FD141DA2ACE5BA80024CD72 /* ViewModel */ = {
			isa = PBXGroup;
			children = (
				2FD141DF2ACE5CED0024CD72 /* WorkDetailViewModel.swift */,
			);
			path = ViewModel;
			sourceTree = "<group>";
		};
		2FD141DB2ACE5BAB0024CD72 /* View */ = {
			isa = PBXGroup;
			children = (
				2FD141E12ACE5CFB0024CD72 /* WorkDetail.swift */,
				2FD141EA2ACECB110024CD72 /* WorkDetail+Build.swift */,
			);
			path = View;
			sourceTree = "<group>";
		};
		2FD141E32ACE89670024CD72 /* Protocol */ = {
			isa = PBXGroup;
			children = (
				2FD141E42ACE896F0024CD72 /* ViewModelable.swift */,
			);
			path = Protocol;
			sourceTree = "<group>";
		};
		2FD141EE2ACEE2C20024CD72 /* External */ = {
			isa = PBXGroup;
			children = (
				2FD141EF2ACEE2DC0024CD72 /* HomeExternal.swift */,
			);
			path = External;
			sourceTree = "<group>";
		};
		2FD8F1D92ADFB9E000E3D0EF /* Contact */ = {
			isa = PBXGroup;
			children = (
				2FD8F1DD2ADFC84300E3D0EF /* Mail */,
				2FD8F1DA2ADFB9E700E3D0EF /* View */,
			);
			path = Contact;
			sourceTree = "<group>";
		};
		2FD8F1DA2ADFB9E700E3D0EF /* View */ = {
			isa = PBXGroup;
			children = (
				2FD8F1DB2ADFB9F300E3D0EF /* ContactView.swift */,
			);
			path = View;
			sourceTree = "<group>";
		};
		2FD8F1DD2ADFC84300E3D0EF /* Mail */ = {
			isa = PBXGroup;
			children = (
				2FD8F1DE2ADFC84B00E3D0EF /* MailView.swift */,
			);
			path = Mail;
			sourceTree = "<group>";
		};
		2FDD41DA2AC3C77D00600AF7 = {
			isa = PBXGroup;
			children = (
				2FDD41E52AC3C77D00600AF7 /* RubyPortfolio */,
				2FDD41E42AC3C77D00600AF7 /* Products */,
			);
			sourceTree = "<group>";
		};
		2FDD41E42AC3C77D00600AF7 /* Products */ = {
			isa = PBXGroup;
			children = (
				2FDD41E32AC3C77D00600AF7 /* RubyPortfolio.app */,
			);
			name = Products;
			sourceTree = "<group>";
		};
		2FDD41E52AC3C77D00600AF7 /* RubyPortfolio */ = {
			isa = PBXGroup;
			children = (
				2FB435072AC3E32C00EBF3DA /* Resource */,
				2FB435062AC3E32900EBF3DA /* Source */,
				2FDD41EC2AC3C77E00600AF7 /* Preview Content */,
			);
			path = RubyPortfolio;
			sourceTree = "<group>";
		};
		2FDD41EC2AC3C77E00600AF7 /* Preview Content */ = {
			isa = PBXGroup;
			children = (
				2FDD41ED2AC3C77E00600AF7 /* Preview Assets.xcassets */,
			);
			path = "Preview Content";
			sourceTree = "<group>";
		};
		2FDD41F42AC3C83A00600AF7 /* Home */ = {
			isa = PBXGroup;
			children = (
				2FD141EE2ACEE2C20024CD72 /* External */,
				2FB435052AC3E30E00EBF3DA /* ViewModel */,
				2FB435042AC3E30C00EBF3DA /* View */,
			);
			path = Home;
			sourceTree = "<group>";
		};
		2FEE2AD92AD12F690050B9FD /* DetailArtistInfo */ = {
			isa = PBXGroup;
			children = (
				2FEE2ADB2AD12F8B0050B9FD /* View */,
			);
			path = DetailArtistInfo;
			sourceTree = "<group>";
		};
		2FEE2ADB2AD12F8B0050B9FD /* View */ = {
			isa = PBXGroup;
			children = (
				2FEE2ADC2AD12F9A0050B9FD /* DetailArtistInfoView.swift */,
			);
			path = View;
			sourceTree = "<group>";
		};
/* End PBXGroup section */

/* Begin PBXNativeTarget section */
		2FDD41E22AC3C77D00600AF7 /* RubyPortfolio */ = {
			isa = PBXNativeTarget;
			buildConfigurationList = 2FDD41F12AC3C77E00600AF7 /* Build configuration list for PBXNativeTarget "RubyPortfolio" */;
			buildPhases = (
				2FDD41DF2AC3C77D00600AF7 /* Sources */,
				2FDD41E02AC3C77D00600AF7 /* Frameworks */,
				2FDD41E12AC3C77D00600AF7 /* Resources */,
			);
			buildRules = (
			);
			dependencies = (
			);
			name = RubyPortfolio;
			productName = RubyPortfolio;
			productReference = 2FDD41E32AC3C77D00600AF7 /* RubyPortfolio.app */;
			productType = "com.apple.product-type.application";
		};
/* End PBXNativeTarget section */

/* Begin PBXProject section */
		2FDD41DB2AC3C77D00600AF7 /* Project object */ = {
			isa = PBXProject;
			attributes = {
				BuildIndependentTargetsInParallel = 1;
				LastSwiftUpdateCheck = 1430;
				LastUpgradeCheck = 1430;
				TargetAttributes = {
					2FDD41E22AC3C77D00600AF7 = {
						CreatedOnToolsVersion = 14.3;
					};
				};
			};
			buildConfigurationList = 2FDD41DE2AC3C77D00600AF7 /* Build configuration list for PBXProject "RubyPortfolio" */;
			compatibilityVersion = "Xcode 14.0";
			developmentRegion = en;
			hasScannedForEncodings = 0;
			knownRegions = (
				en,
				Base,
			);
			mainGroup = 2FDD41DA2AC3C77D00600AF7;
			productRefGroup = 2FDD41E42AC3C77D00600AF7 /* Products */;
			projectDirPath = "";
			projectRoot = "";
			targets = (
				2FDD41E22AC3C77D00600AF7 /* RubyPortfolio */,
			);
		};
/* End PBXProject section */

/* Begin PBXResourcesBuildPhase section */
		2FDD41E12AC3C77D00600AF7 /* Resources */ = {
			isa = PBXResourcesBuildPhase;
			buildActionMask = 2147483647;
			files = (
				2FDD41EE2AC3C77E00600AF7 /* Preview Assets.xcassets in Resources */,
				2FDD41EB2AC3C77E00600AF7 /* Assets.xcassets in Resources */,
				2F5A2F0C2AD649660086DEA8 /* MakingFilm.MP4 in Resources */,
			);
			runOnlyForDeploymentPostprocessing = 0;
		};
/* End PBXResourcesBuildPhase section */

/* Begin PBXSourcesBuildPhase section */
		2FDD41DF2AC3C77D00600AF7 /* Sources */ = {
			isa = PBXSourcesBuildPhase;
			buildActionMask = 2147483647;
			files = (
				2FD141D32ACE4A5A0024CD72 /* RouterNavigationViewModifier.swift in Sources */,
				2FD141D12ACE4A400024CD72 /* RouterNavigationStackModifier.swift in Sources */,
				2FD141D52ACE4A720024CD72 /* RouterSheetScreenProtocol.swift in Sources */,
				2FDD41E92AC3C77D00600AF7 /* ContentView.swift in Sources */,
				2FD141ED2ACEE2670024CD72 /* Home+Build.swift in Sources */,
				2FD141E52ACE896F0024CD72 /* ViewModelable.swift in Sources */,
				2F5A2EFE2AD52C6D0086DEA8 /* WorksSeries.swift in Sources */,
				2FD141E22ACE5CFB0024CD72 /* WorkDetail.swift in Sources */,
				2FB4350A2AC3E41400EBF3DA /* Color + Extension.swift in Sources */,
				2FD141CF2ACE4A310024CD72 /* RouterCloseModifier.swift in Sources */,
				2F5A2F042AD63B460086DEA8 /* DiaryView.swift in Sources */,
				2FD141CA2ACE49EA0024CD72 /* RouterScreenProtocol.swift in Sources */,
				2FEE2ADD2AD12F9A0050B9FD /* DetailArtistInfoView.swift in Sources */,
				2FD141F02ACEE2DC0024CD72 /* HomeExternal.swift in Sources */,
				2FD141C82ACE49D90024CD72 /* RouterProtocol.swift in Sources */,
				2FD141E02ACE5CED0024CD72 /* WorkDetailViewModel.swift in Sources */,
				2F5A2F082AD6463E0086DEA8 /* MakingFilmView.swift in Sources */,
				2FDD41F92AC3C89100600AF7 /* SnapCarousel.swift in Sources */,
				2FEE2AD62AD0EC590050B9FD /* ArtistExplain.swift in Sources */,
				2FD8F1E12ADFD3E200E3D0EF /* ComposeMailData.swift in Sources */,
				2FD8F1DF2ADFC84B00E3D0EF /* MailView.swift in Sources */,
				2FB435022AC3E1B000EBF3DA /* Work.swift in Sources */,
				2FD141CD2ACE4A200024CD72 /* RouterAlertModifier.swift in Sources */,
				2F5A2F0E2AD65E470086DEA8 /* InteractiveView.swift in Sources */,
				2FEE2AD82AD117930050B9FD /* CircularList.swift in Sources */,
				2FEE2AD42AD0EC4C0050B9FD /* ArtistExplainViewModel.swift in Sources */,
				2FD8F1E32AE21BBA00E3D0EF /* Navigation + Extension.swift in Sources */,
				2F5A2F122AD6C3EA0086DEA8 /* IdImage.swift in Sources */,
				2FF658562AD965AE00880592 /* Image + Extension.swift in Sources */,
				2FDD41F72AC3C85300600AF7 /* Home.swift in Sources */,
				2FCC0A3A2ACFE91A00206832 /* DarkGrayRoundButton.swift in Sources */,
				2FDD41FB2AC3C99000600AF7 /* HomeViewModel.swift in Sources */,
				2FD141EB2ACECB110024CD72 /* WorkDetail+Build.swift in Sources */,
				2FDD41E72AC3C77D00600AF7 /* RubyPortfolioApp.swift in Sources */,
				2FD8F1DC2ADFB9F300E3D0EF /* ContactView.swift in Sources */,
				2FCC0A382ACFCBA300206832 /* UIScreen + Extension.swift in Sources */,
				2F5A2F102AD67A440086DEA8 /* StoryListView.swift in Sources */,
			);
			runOnlyForDeploymentPostprocessing = 0;
		};
/* End PBXSourcesBuildPhase section */

/* Begin XCBuildConfiguration section */
		2FDD41EF2AC3C77E00600AF7 /* Debug */ = {
			isa = XCBuildConfiguration;
			buildSettings = {
				ALWAYS_SEARCH_USER_PATHS = NO;
				CLANG_ANALYZER_NONNULL = YES;
				CLANG_ANALYZER_NUMBER_OBJECT_CONVERSION = YES_AGGRESSIVE;
				CLANG_CXX_LANGUAGE_STANDARD = "gnu++20";
				CLANG_ENABLE_MODULES = YES;
				CLANG_ENABLE_OBJC_ARC = YES;
				CLANG_ENABLE_OBJC_WEAK = YES;
				CLANG_WARN_BLOCK_CAPTURE_AUTORELEASING = YES;
				CLANG_WARN_BOOL_CONVERSION = YES;
				CLANG_WARN_COMMA = YES;
				CLANG_WARN_CONSTANT_CONVERSION = YES;
				CLANG_WARN_DEPRECATED_OBJC_IMPLEMENTATIONS = YES;
				CLANG_WARN_DIRECT_OBJC_ISA_USAGE = YES_ERROR;
				CLANG_WARN_DOCUMENTATION_COMMENTS = YES;
				CLANG_WARN_EMPTY_BODY = YES;
				CLANG_WARN_ENUM_CONVERSION = YES;
				CLANG_WARN_INFINITE_RECURSION = YES;
				CLANG_WARN_INT_CONVERSION = YES;
				CLANG_WARN_NON_LITERAL_NULL_CONVERSION = YES;
				CLANG_WARN_OBJC_IMPLICIT_RETAIN_SELF = YES;
				CLANG_WARN_OBJC_LITERAL_CONVERSION = YES;
				CLANG_WARN_OBJC_ROOT_CLASS = YES_ERROR;
				CLANG_WARN_QUOTED_INCLUDE_IN_FRAMEWORK_HEADER = YES;
				CLANG_WARN_RANGE_LOOP_ANALYSIS = YES;
				CLANG_WARN_STRICT_PROTOTYPES = YES;
				CLANG_WARN_SUSPICIOUS_MOVE = YES;
				CLANG_WARN_UNGUARDED_AVAILABILITY = YES_AGGRESSIVE;
				CLANG_WARN_UNREACHABLE_CODE = YES;
				CLANG_WARN__DUPLICATE_METHOD_MATCH = YES;
				COPY_PHASE_STRIP = NO;
				DEBUG_INFORMATION_FORMAT = dwarf;
				ENABLE_STRICT_OBJC_MSGSEND = YES;
				ENABLE_TESTABILITY = YES;
				GCC_C_LANGUAGE_STANDARD = gnu11;
				GCC_DYNAMIC_NO_PIC = NO;
				GCC_NO_COMMON_BLOCKS = YES;
				GCC_OPTIMIZATION_LEVEL = 0;
				GCC_PREPROCESSOR_DEFINITIONS = (
					"DEBUG=1",
					"$(inherited)",
				);
				GCC_WARN_64_TO_32_BIT_CONVERSION = YES;
				GCC_WARN_ABOUT_RETURN_TYPE = YES_ERROR;
				GCC_WARN_UNDECLARED_SELECTOR = YES;
				GCC_WARN_UNINITIALIZED_AUTOS = YES_AGGRESSIVE;
				GCC_WARN_UNUSED_FUNCTION = YES;
				GCC_WARN_UNUSED_VARIABLE = YES;
				IPHONEOS_DEPLOYMENT_TARGET = 16.0;
				MTL_ENABLE_DEBUG_INFO = INCLUDE_SOURCE;
				MTL_FAST_MATH = YES;
				ONLY_ACTIVE_ARCH = YES;
				SDKROOT = iphoneos;
				SWIFT_ACTIVE_COMPILATION_CONDITIONS = DEBUG;
				SWIFT_OPTIMIZATION_LEVEL = "-Onone";
			};
			name = Debug;
		};
		2FDD41F02AC3C77E00600AF7 /* Release */ = {
			isa = XCBuildConfiguration;
			buildSettings = {
				ALWAYS_SEARCH_USER_PATHS = NO;
				CLANG_ANALYZER_NONNULL = YES;
				CLANG_ANALYZER_NUMBER_OBJECT_CONVERSION = YES_AGGRESSIVE;
				CLANG_CXX_LANGUAGE_STANDARD = "gnu++20";
				CLANG_ENABLE_MODULES = YES;
				CLANG_ENABLE_OBJC_ARC = YES;
				CLANG_ENABLE_OBJC_WEAK = YES;
				CLANG_WARN_BLOCK_CAPTURE_AUTORELEASING = YES;
				CLANG_WARN_BOOL_CONVERSION = YES;
				CLANG_WARN_COMMA = YES;
				CLANG_WARN_CONSTANT_CONVERSION = YES;
				CLANG_WARN_DEPRECATED_OBJC_IMPLEMENTATIONS = YES;
				CLANG_WARN_DIRECT_OBJC_ISA_USAGE = YES_ERROR;
				CLANG_WARN_DOCUMENTATION_COMMENTS = YES;
				CLANG_WARN_EMPTY_BODY = YES;
				CLANG_WARN_ENUM_CONVERSION = YES;
				CLANG_WARN_INFINITE_RECURSION = YES;
				CLANG_WARN_INT_CONVERSION = YES;
				CLANG_WARN_NON_LITERAL_NULL_CONVERSION = YES;
				CLANG_WARN_OBJC_IMPLICIT_RETAIN_SELF = YES;
				CLANG_WARN_OBJC_LITERAL_CONVERSION = YES;
				CLANG_WARN_OBJC_ROOT_CLASS = YES_ERROR;
				CLANG_WARN_QUOTED_INCLUDE_IN_FRAMEWORK_HEADER = YES;
				CLANG_WARN_RANGE_LOOP_ANALYSIS = YES;
				CLANG_WARN_STRICT_PROTOTYPES = YES;
				CLANG_WARN_SUSPICIOUS_MOVE = YES;
				CLANG_WARN_UNGUARDED_AVAILABILITY = YES_AGGRESSIVE;
				CLANG_WARN_UNREACHABLE_CODE = YES;
				CLANG_WARN__DUPLICATE_METHOD_MATCH = YES;
				COPY_PHASE_STRIP = NO;
				DEBUG_INFORMATION_FORMAT = "dwarf-with-dsym";
				ENABLE_NS_ASSERTIONS = NO;
				ENABLE_STRICT_OBJC_MSGSEND = YES;
				GCC_C_LANGUAGE_STANDARD = gnu11;
				GCC_NO_COMMON_BLOCKS = YES;
				GCC_WARN_64_TO_32_BIT_CONVERSION = YES;
				GCC_WARN_ABOUT_RETURN_TYPE = YES_ERROR;
				GCC_WARN_UNDECLARED_SELECTOR = YES;
				GCC_WARN_UNINITIALIZED_AUTOS = YES_AGGRESSIVE;
				GCC_WARN_UNUSED_FUNCTION = YES;
				GCC_WARN_UNUSED_VARIABLE = YES;
				IPHONEOS_DEPLOYMENT_TARGET = 16.0;
				MTL_ENABLE_DEBUG_INFO = NO;
				MTL_FAST_MATH = YES;
				SDKROOT = iphoneos;
				SWIFT_COMPILATION_MODE = wholemodule;
				SWIFT_OPTIMIZATION_LEVEL = "-O";
				VALIDATE_PRODUCT = YES;
			};
			name = Release;
		};
		2FDD41F22AC3C77E00600AF7 /* Debug */ = {
			isa = XCBuildConfiguration;
			buildSettings = {
				ASSETCATALOG_COMPILER_APPICON_NAME = AppIcon;
				ASSETCATALOG_COMPILER_GLOBAL_ACCENT_COLOR_NAME = AccentColor;
				CODE_SIGN_STYLE = Automatic;
				CURRENT_PROJECT_VERSION = 1;
				DEVELOPMENT_ASSET_PATHS = "\"RubyPortfolio/Preview Content\"";
				DEVELOPMENT_TEAM = LL4R66V6Y3;
				ENABLE_PREVIEWS = YES;
				GENERATE_INFOPLIST_FILE = YES;
				INFOPLIST_KEY_CFBundleDisplayName = "Weave Me!";
				INFOPLIST_KEY_UIApplicationSceneManifest_Generation = YES;
				INFOPLIST_KEY_UIApplicationSupportsIndirectInputEvents = YES;
				INFOPLIST_KEY_UILaunchScreen_Generation = YES;
				INFOPLIST_KEY_UISupportedInterfaceOrientations = UIInterfaceOrientationPortrait;
				INFOPLIST_KEY_UISupportedInterfaceOrientations_iPad = "UIInterfaceOrientationLandscapeLeft UIInterfaceOrientationLandscapeRight UIInterfaceOrientationPortrait UIInterfaceOrientationPortraitUpsideDown";
				IPHONEOS_DEPLOYMENT_TARGET = 16.0;
				LD_RUNPATH_SEARCH_PATHS = (
					"$(inherited)",
					"@executable_path/Frameworks",
				);
				MARKETING_VERSION = 1.0.3;
				PRODUCT_BUNDLE_IDENTIFIER = com.cody.RubyPortfolio;
				PRODUCT_NAME = "$(TARGET_NAME)";
				SUPPORTED_PLATFORMS = "iphoneos iphonesimulator";
				SUPPORTS_MACCATALYST = NO;
				SUPPORTS_MAC_DESIGNED_FOR_IPHONE_IPAD = NO;
				SWIFT_EMIT_LOC_STRINGS = YES;
				SWIFT_VERSION = 5.0;
				TARGETED_DEVICE_FAMILY = 1;
			};
			name = Debug;
		};
		2FDD41F32AC3C77E00600AF7 /* Release */ = {
			isa = XCBuildConfiguration;
			buildSettings = {
				ASSETCATALOG_COMPILER_APPICON_NAME = AppIcon;
				ASSETCATALOG_COMPILER_GLOBAL_ACCENT_COLOR_NAME = AccentColor;
				CODE_SIGN_STYLE = Automatic;
				CURRENT_PROJECT_VERSION = 1;
				DEVELOPMENT_ASSET_PATHS = "\"RubyPortfolio/Preview Content\"";
				DEVELOPMENT_TEAM = LL4R66V6Y3;
				ENABLE_PREVIEWS = YES;
				GENERATE_INFOPLIST_FILE = YES;
				INFOPLIST_KEY_CFBundleDisplayName = "Weave Me!";
				INFOPLIST_KEY_UIApplicationSceneManifest_Generation = YES;
				INFOPLIST_KEY_UIApplicationSupportsIndirectInputEvents = YES;
				INFOPLIST_KEY_UILaunchScreen_Generation = YES;
				INFOPLIST_KEY_UISupportedInterfaceOrientations = UIInterfaceOrientationPortrait;
				INFOPLIST_KEY_UISupportedInterfaceOrientations_iPad = "UIInterfaceOrientationLandscapeLeft UIInterfaceOrientationLandscapeRight UIInterfaceOrientationPortrait UIInterfaceOrientationPortraitUpsideDown";
				IPHONEOS_DEPLOYMENT_TARGET = 16.0;
				LD_RUNPATH_SEARCH_PATHS = (
					"$(inherited)",
					"@executable_path/Frameworks",
				);
				MARKETING_VERSION = 1.0.3;
				PRODUCT_BUNDLE_IDENTIFIER = com.cody.RubyPortfolio;
				PRODUCT_NAME = "$(TARGET_NAME)";
				SUPPORTED_PLATFORMS = "iphoneos iphonesimulator";
				SUPPORTS_MACCATALYST = NO;
				SUPPORTS_MAC_DESIGNED_FOR_IPHONE_IPAD = NO;
				SWIFT_EMIT_LOC_STRINGS = YES;
				SWIFT_VERSION = 5.0;
				TARGETED_DEVICE_FAMILY = 1;
			};
			name = Release;
		};
/* End XCBuildConfiguration section */

/* Begin XCConfigurationList section */
		2FDD41DE2AC3C77D00600AF7 /* Build configuration list for PBXProject "RubyPortfolio" */ = {
			isa = XCConfigurationList;
			buildConfigurations = (
				2FDD41EF2AC3C77E00600AF7 /* Debug */,
				2FDD41F02AC3C77E00600AF7 /* Release */,
			);
			defaultConfigurationIsVisible = 0;
			defaultConfigurationName = Release;
		};
		2FDD41F12AC3C77E00600AF7 /* Build configuration list for PBXNativeTarget "RubyPortfolio" */ = {
			isa = XCConfigurationList;
			buildConfigurations = (
				2FDD41F22AC3C77E00600AF7 /* Debug */,
				2FDD41F32AC3C77E00600AF7 /* Release */,
			);
			defaultConfigurationIsVisible = 0;
			defaultConfigurationName = Release;
		};
/* End XCConfigurationList section */
	};
	rootObject = 2FDD41DB2AC3C77D00600AF7 /* Project object */;
}
